// !$*UTF8*$!
{
	archiveVersion = 1;
	classes = {
	};
	objectVersion = 56;
	objects = {

/* Begin PBXBuildFile section */
		FF02DF5F2A99C223006F4348 /* HandModel.swift in Sources */ = {isa = PBXBuildFile; fileRef = FF02DF5E2A99C223006F4348 /* HandModel.swift */; };
		FF07F8A02A947CE800AED8AD /* kuma.usdz in Resources */ = {isa = PBXBuildFile; fileRef = FF07F89F2A947CE800AED8AD /* kuma.usdz */; };
		FFB8EC782A91785600A79CE5 /* Gesture_Aloha.swift in Sources */ = {isa = PBXBuildFile; fileRef = FFB8EC772A91785600A79CE5 /* Gesture_Aloha.swift */; };
		FFC256452A90D12B00E49FB1 /* ViewModel.swift in Sources */ = {isa = PBXBuildFile; fileRef = FFC256442A90D12B00E49FB1 /* ViewModel.swift */; };
		FFD220452A8C72DF0036AFCC /* RealityKitContent in Frameworks */ = {isa = PBXBuildFile; productRef = FFD220442A8C72DF0036AFCC /* RealityKitContent */; };
		FFD220472A8C72DF0036AFCC /* VisionGestureApp.swift in Sources */ = {isa = PBXBuildFile; fileRef = FFD220462A8C72DF0036AFCC /* VisionGestureApp.swift */; };
		FFD220492A8C72DF0036AFCC /* ContentView.swift in Sources */ = {isa = PBXBuildFile; fileRef = FFD220482A8C72DF0036AFCC /* ContentView.swift */; };
		FFD2204B2A8C72DF0036AFCC /* ImmersiveView.swift in Sources */ = {isa = PBXBuildFile; fileRef = FFD2204A2A8C72DF0036AFCC /* ImmersiveView.swift */; };
		FFD2204D2A8C72DF0036AFCC /* ImageBasedLighting.skybox in Resources */ = {isa = PBXBuildFile; fileRef = FFD2204C2A8C72DF0036AFCC /* ImageBasedLighting.skybox */; };
		FFD2204F2A8C72E10036AFCC /* Assets.xcassets in Resources */ = {isa = PBXBuildFile; fileRef = FFD2204E2A8C72E10036AFCC /* Assets.xcassets */; };
		FFD220522A8C72E10036AFCC /* Preview Assets.xcassets in Resources */ = {isa = PBXBuildFile; fileRef = FFD220512A8C72E10036AFCC /* Preview Assets.xcassets */; };
		FFD2205B2A8C73A70036AFCC /* Gesture_Cursor.swift in Sources */ = {isa = PBXBuildFile; fileRef = FFD220582A8C73A10036AFCC /* Gesture_Cursor.swift */; };
		FFD2205C2A8C73A70036AFCC /* VisionGestureProvider.swift in Sources */ = {isa = PBXBuildFile; fileRef = FFD220592A8C73A40036AFCC /* VisionGestureProvider.swift */; };
		FFD2205D2A8C73A70036AFCC /* VisionGestureProcessor.swift in Sources */ = {isa = PBXBuildFile; fileRef = FFD2205A2A8C73A70036AFCC /* VisionGestureProcessor.swift */; };
		FFD220642A8C740B0036AFCC /* CGAffineTransform.swift in Sources */ = {isa = PBXBuildFile; fileRef = FFD2205F2A8C740B0036AFCC /* CGAffineTransform.swift */; };
		FFD220652A8C740B0036AFCC /* CGSize.swift in Sources */ = {isa = PBXBuildFile; fileRef = FFD220602A8C740B0036AFCC /* CGSize.swift */; };
		FFD220662A8C740B0036AFCC /* CGVector.swift in Sources */ = {isa = PBXBuildFile; fileRef = FFD220612A8C740B0036AFCC /* CGVector.swift */; };
		FFD220672A8C740B0036AFCC /* CGPoint.swift in Sources */ = {isa = PBXBuildFile; fileRef = FFD220622A8C740B0036AFCC /* CGPoint.swift */; };
		FFD220682A8C740B0036AFCC /* CGRect.swift in Sources */ = {isa = PBXBuildFile; fileRef = FFD220632A8C740B0036AFCC /* CGRect.swift */; };
		FFF99ABC2A9C9493007AC4A4 /* HandTrackFake.swift in Sources */ = {isa = PBXBuildFile; fileRef = FFF99ABA2A9C9493007AC4A4 /* HandTrackFake.swift */; };
		FFF99ABD2A9C9493007AC4A4 /* HandTrackJson.swift in Sources */ = {isa = PBXBuildFile; fileRef = FFF99ABB2A9C9493007AC4A4 /* HandTrackJson.swift */; };
/* End PBXBuildFile section */

/* Begin PBXFileReference section */
		FF02DF5E2A99C223006F4348 /* HandModel.swift */ = {isa = PBXFileReference; fileEncoding = 4; lastKnownFileType = sourcecode.swift; path = HandModel.swift; sourceTree = "<group>"; };
		FF07F89F2A947CE800AED8AD /* kuma.usdz */ = {isa = PBXFileReference; lastKnownFileType = file.usdz; path = kuma.usdz; sourceTree = "<group>"; };
		FFB8EC772A91785600A79CE5 /* Gesture_Aloha.swift */ = {isa = PBXFileReference; fileEncoding = 4; lastKnownFileType = sourcecode.swift; path = Gesture_Aloha.swift; sourceTree = "<group>"; };
		FFC256442A90D12B00E49FB1 /* ViewModel.swift */ = {isa = PBXFileReference; fileEncoding = 4; lastKnownFileType = sourcecode.swift; path = ViewModel.swift; sourceTree = "<group>"; };
		FFD2203F2A8C72DF0036AFCC /* VisionGesture.app */ = {isa = PBXFileReference; explicitFileType = wrapper.application; includeInIndex = 0; path = VisionGesture.app; sourceTree = BUILT_PRODUCTS_DIR; };
		FFD220432A8C72DF0036AFCC /* RealityKitContent */ = {isa = PBXFileReference; lastKnownFileType = wrapper; path = RealityKitContent; sourceTree = "<group>"; };
		FFD220462A8C72DF0036AFCC /* VisionGestureApp.swift */ = {isa = PBXFileReference; lastKnownFileType = sourcecode.swift; path = VisionGestureApp.swift; sourceTree = "<group>"; };
		FFD220482A8C72DF0036AFCC /* ContentView.swift */ = {isa = PBXFileReference; lastKnownFileType = sourcecode.swift; path = ContentView.swift; sourceTree = "<group>"; };
		FFD2204A2A8C72DF0036AFCC /* ImmersiveView.swift */ = {isa = PBXFileReference; lastKnownFileType = sourcecode.swift; path = ImmersiveView.swift; sourceTree = "<group>"; };
		FFD2204C2A8C72DF0036AFCC /* ImageBasedLighting.skybox */ = {isa = PBXFileReference; lastKnownFileType = file.skybox; path = ImageBasedLighting.skybox; sourceTree = "<group>"; };
		FFD2204E2A8C72E10036AFCC /* Assets.xcassets */ = {isa = PBXFileReference; lastKnownFileType = folder.assetcatalog; path = Assets.xcassets; sourceTree = "<group>"; };
		FFD220512A8C72E10036AFCC /* Preview Assets.xcassets */ = {isa = PBXFileReference; lastKnownFileType = folder.assetcatalog; path = "Preview Assets.xcassets"; sourceTree = "<group>"; };
		FFD220582A8C73A10036AFCC /* Gesture_Cursor.swift */ = {isa = PBXFileReference; fileEncoding = 4; lastKnownFileType = sourcecode.swift; path = Gesture_Cursor.swift; sourceTree = "<group>"; };
		FFD220592A8C73A40036AFCC /* VisionGestureProvider.swift */ = {isa = PBXFileReference; fileEncoding = 4; lastKnownFileType = sourcecode.swift; path = VisionGestureProvider.swift; sourceTree = "<group>"; };
		FFD2205A2A8C73A70036AFCC /* VisionGestureProcessor.swift */ = {isa = PBXFileReference; fileEncoding = 4; lastKnownFileType = sourcecode.swift; path = VisionGestureProcessor.swift; sourceTree = "<group>"; };
		FFD2205F2A8C740B0036AFCC /* CGAffineTransform.swift */ = {isa = PBXFileReference; fileEncoding = 4; lastKnownFileType = sourcecode.swift; path = CGAffineTransform.swift; sourceTree = "<group>"; };
		FFD220602A8C740B0036AFCC /* CGSize.swift */ = {isa = PBXFileReference; fileEncoding = 4; lastKnownFileType = sourcecode.swift; path = CGSize.swift; sourceTree = "<group>"; };
		FFD220612A8C740B0036AFCC /* CGVector.swift */ = {isa = PBXFileReference; fileEncoding = 4; lastKnownFileType = sourcecode.swift; path = CGVector.swift; sourceTree = "<group>"; };
		FFD220622A8C740B0036AFCC /* CGPoint.swift */ = {isa = PBXFileReference; fileEncoding = 4; lastKnownFileType = sourcecode.swift; path = CGPoint.swift; sourceTree = "<group>"; };
		FFD220632A8C740B0036AFCC /* CGRect.swift */ = {isa = PBXFileReference; fileEncoding = 4; lastKnownFileType = sourcecode.swift; path = CGRect.swift; sourceTree = "<group>"; };
		FFD220692A8C76810036AFCC /* Info.plist */ = {isa = PBXFileReference; lastKnownFileType = text.plist; path = Info.plist; sourceTree = "<group>"; };
		FFF99AB82A9C939D007AC4A4 /* VisionGesture.entitlements */ = {isa = PBXFileReference; lastKnownFileType = text.plist.entitlements; path = VisionGesture.entitlements; sourceTree = "<group>"; };
		FFF99ABA2A9C9493007AC4A4 /* HandTrackFake.swift */ = {isa = PBXFileReference; fileEncoding = 4; lastKnownFileType = sourcecode.swift; path = HandTrackFake.swift; sourceTree = "<group>"; };
		FFF99ABB2A9C9493007AC4A4 /* HandTrackJson.swift */ = {isa = PBXFileReference; fileEncoding = 4; lastKnownFileType = sourcecode.swift; path = HandTrackJson.swift; sourceTree = "<group>"; };
/* End PBXFileReference section */

/* Begin PBXFrameworksBuildPhase section */
		FFD2203C2A8C72DF0036AFCC /* Frameworks */ = {
			isa = PBXFrameworksBuildPhase;
			buildActionMask = 2147483647;
			files = (
				FFD220452A8C72DF0036AFCC /* RealityKitContent in Frameworks */,
			);
			runOnlyForDeploymentPostprocessing = 0;
		};
/* End PBXFrameworksBuildPhase section */

/* Begin PBXGroup section */
		FFD220362A8C72DF0036AFCC = {
			isa = PBXGroup;
			children = (
				FFD220412A8C72DF0036AFCC /* VisionGesture */,
				FFD220422A8C72DF0036AFCC /* Packages */,
				FFD220402A8C72DF0036AFCC /* Products */,
			);
			sourceTree = "<group>";
		};
		FFD220402A8C72DF0036AFCC /* Products */ = {
			isa = PBXGroup;
			children = (
				FFD2203F2A8C72DF0036AFCC /* VisionGesture.app */,
			);
			name = Products;
			sourceTree = "<group>";
		};
		FFD220412A8C72DF0036AFCC /* VisionGesture */ = {
			isa = PBXGroup;
			children = (
				FFF99AB92A9C9493007AC4A4 /* HandTrackFake */,
				FFF99AB82A9C939D007AC4A4 /* VisionGesture.entitlements */,
				FFD220692A8C76810036AFCC /* Info.plist */,
				FFD2205E2A8C740B0036AFCC /* CGPointVector */,
				FFD220462A8C72DF0036AFCC /* VisionGestureApp.swift */,
				FFD220482A8C72DF0036AFCC /* ContentView.swift */,
				FFD2204A2A8C72DF0036AFCC /* ImmersiveView.swift */,
				FFB8EC772A91785600A79CE5 /* Gesture_Aloha.swift */,
				FFD220582A8C73A10036AFCC /* Gesture_Cursor.swift */,
				FFD2205A2A8C73A70036AFCC /* VisionGestureProcessor.swift */,
				FFD220592A8C73A40036AFCC /* VisionGestureProvider.swift */,
				FFC256442A90D12B00E49FB1 /* ViewModel.swift */,
				FF02DF5E2A99C223006F4348 /* HandModel.swift */,
				FF07F89F2A947CE800AED8AD /* kuma.usdz */,
				FFD2204C2A8C72DF0036AFCC /* ImageBasedLighting.skybox */,
				FFD2204E2A8C72E10036AFCC /* Assets.xcassets */,
				FFD220502A8C72E10036AFCC /* Preview Content */,
			);
			path = VisionGesture;
			sourceTree = "<group>";
		};
		FFD220422A8C72DF0036AFCC /* Packages */ = {
			isa = PBXGroup;
			children = (
				FFD220432A8C72DF0036AFCC /* RealityKitContent */,
			);
			path = Packages;
			sourceTree = "<group>";
		};
		FFD220502A8C72E10036AFCC /* Preview Content */ = {
			isa = PBXGroup;
			children = (
				FFD220512A8C72E10036AFCC /* Preview Assets.xcassets */,
			);
			path = "Preview Content";
			sourceTree = "<group>";
		};
		FFD2205E2A8C740B0036AFCC /* CGPointVector */ = {
			isa = PBXGroup;
			children = (
				FFD2205F2A8C740B0036AFCC /* CGAffineTransform.swift */,
				FFD220602A8C740B0036AFCC /* CGSize.swift */,
				FFD220612A8C740B0036AFCC /* CGVector.swift */,
				FFD220622A8C740B0036AFCC /* CGPoint.swift */,
				FFD220632A8C740B0036AFCC /* CGRect.swift */,
			);
			path = CGPointVector;
			sourceTree = "<group>";
		};
		FFF99AB92A9C9493007AC4A4 /* HandTrackFake */ = {
			isa = PBXGroup;
			children = (
				FFF99ABA2A9C9493007AC4A4 /* HandTrackFake.swift */,
				FFF99ABB2A9C9493007AC4A4 /* HandTrackJson.swift */,
			);
			path = HandTrackFake;
			sourceTree = "<group>";
		};
/* End PBXGroup section */

/* Begin PBXNativeTarget section */
		FFD2203E2A8C72DF0036AFCC /* VisionGesture */ = {
			isa = PBXNativeTarget;
			buildConfigurationList = FFD220552A8C72E10036AFCC /* Build configuration list for PBXNativeTarget "VisionGesture" */;
			buildPhases = (
				FFD2203B2A8C72DF0036AFCC /* Sources */,
				FFD2203C2A8C72DF0036AFCC /* Frameworks */,
				FFD2203D2A8C72DF0036AFCC /* Resources */,
			);
			buildRules = (
			);
			dependencies = (
			);
			name = VisionGesture;
			packageProductDependencies = (
				FFD220442A8C72DF0036AFCC /* RealityKitContent */,
			);
			productName = VisionGesture;
			productReference = FFD2203F2A8C72DF0036AFCC /* VisionGesture.app */;
			productType = "com.apple.product-type.application";
		};
/* End PBXNativeTarget section */

/* Begin PBXProject section */
		FFD220372A8C72DF0036AFCC /* Project object */ = {
			isa = PBXProject;
			attributes = {
				BuildIndependentTargetsInParallel = 1;
				LastSwiftUpdateCheck = 1500;
				LastUpgradeCheck = 1500;
				TargetAttributes = {
					FFD2203E2A8C72DF0036AFCC = {
						CreatedOnToolsVersion = 15.0;
					};
				};
			};
			buildConfigurationList = FFD2203A2A8C72DF0036AFCC /* Build configuration list for PBXProject "VisionGesture" */;
			compatibilityVersion = "Xcode 14.0";
			developmentRegion = en;
			hasScannedForEncodings = 0;
			knownRegions = (
				en,
				Base,
			);
			mainGroup = FFD220362A8C72DF0036AFCC;
			productRefGroup = FFD220402A8C72DF0036AFCC /* Products */;
			projectDirPath = "";
			projectRoot = "";
			targets = (
				FFD2203E2A8C72DF0036AFCC /* VisionGesture */,
			);
		};
/* End PBXProject section */

/* Begin PBXResourcesBuildPhase section */
		FFD2203D2A8C72DF0036AFCC /* Resources */ = {
			isa = PBXResourcesBuildPhase;
			buildActionMask = 2147483647;
			files = (
				FFD2204F2A8C72E10036AFCC /* Assets.xcassets in Resources */,
				FFD220522A8C72E10036AFCC /* Preview Assets.xcassets in Resources */,
				FFD2204D2A8C72DF0036AFCC /* ImageBasedLighting.skybox in Resources */,
				FF07F8A02A947CE800AED8AD /* kuma.usdz in Resources */,
			);
			runOnlyForDeploymentPostprocessing = 0;
		};
/* End PBXResourcesBuildPhase section */

/* Begin PBXSourcesBuildPhase section */
		FFD2203B2A8C72DF0036AFCC /* Sources */ = {
			isa = PBXSourcesBuildPhase;
			buildActionMask = 2147483647;
			files = (
				FFD220642A8C740B0036AFCC /* CGAffineTransform.swift in Sources */,
				FFF99ABC2A9C9493007AC4A4 /* HandTrackFake.swift in Sources */,
				FFD220682A8C740B0036AFCC /* CGRect.swift in Sources */,
				FF02DF5F2A99C223006F4348 /* HandModel.swift in Sources */,
				FFD2205D2A8C73A70036AFCC /* VisionGestureProcessor.swift in Sources */,
				FFD220492A8C72DF0036AFCC /* ContentView.swift in Sources */,
				FFD2205B2A8C73A70036AFCC /* Gesture_Cursor.swift in Sources */,
				FFD220652A8C740B0036AFCC /* CGSize.swift in Sources */,
				FFF99ABD2A9C9493007AC4A4 /* HandTrackJson.swift in Sources */,
				FFD2205C2A8C73A70036AFCC /* VisionGestureProvider.swift in Sources */,
				FFD220472A8C72DF0036AFCC /* VisionGestureApp.swift in Sources */,
				FFD2204B2A8C72DF0036AFCC /* ImmersiveView.swift in Sources */,
				FFD220672A8C740B0036AFCC /* CGPoint.swift in Sources */,
				FFC256452A90D12B00E49FB1 /* ViewModel.swift in Sources */,
				FFB8EC782A91785600A79CE5 /* Gesture_Aloha.swift in Sources */,
				FFD220662A8C740B0036AFCC /* CGVector.swift in Sources */,
			);
			runOnlyForDeploymentPostprocessing = 0;
		};
/* End PBXSourcesBuildPhase section */

/* Begin XCBuildConfiguration section */
		FFD220532A8C72E10036AFCC /* Debug */ = {
			isa = XCBuildConfiguration;
			buildSettings = {
				ALWAYS_SEARCH_USER_PATHS = NO;
				ASSETCATALOG_COMPILER_GENERATE_SWIFT_ASSET_SYMBOL_EXTENSIONS = YES;
				CLANG_ANALYZER_NONNULL = YES;
				CLANG_ANALYZER_NUMBER_OBJECT_CONVERSION = YES_AGGRESSIVE;
				CLANG_CXX_LANGUAGE_STANDARD = "gnu++20";
				CLANG_ENABLE_MODULES = YES;
				CLANG_ENABLE_OBJC_ARC = YES;
				CLANG_ENABLE_OBJC_WEAK = YES;
				CLANG_WARN_BLOCK_CAPTURE_AUTORELEASING = YES;
				CLANG_WARN_BOOL_CONVERSION = YES;
				CLANG_WARN_COMMA = YES;
				CLANG_WARN_CONSTANT_CONVERSION = YES;
				CLANG_WARN_DEPRECATED_OBJC_IMPLEMENTATIONS = YES;
				CLANG_WARN_DIRECT_OBJC_ISA_USAGE = YES_ERROR;
				CLANG_WARN_DOCUMENTATION_COMMENTS = YES;
				CLANG_WARN_EMPTY_BODY = YES;
				CLANG_WARN_ENUM_CONVERSION = YES;
				CLANG_WARN_INFINITE_RECURSION = YES;
				CLANG_WARN_INT_CONVERSION = YES;
				CLANG_WARN_NON_LITERAL_NULL_CONVERSION = YES;
				CLANG_WARN_OBJC_IMPLICIT_RETAIN_SELF = YES;
				CLANG_WARN_OBJC_LITERAL_CONVERSION = YES;
				CLANG_WARN_OBJC_ROOT_CLASS = YES_ERROR;
				CLANG_WARN_QUOTED_INCLUDE_IN_FRAMEWORK_HEADER = YES;
				CLANG_WARN_RANGE_LOOP_ANALYSIS = YES;
				CLANG_WARN_STRICT_PROTOTYPES = YES;
				CLANG_WARN_SUSPICIOUS_MOVE = YES;
				CLANG_WARN_UNGUARDED_AVAILABILITY = YES_AGGRESSIVE;
				CLANG_WARN_UNREACHABLE_CODE = YES;
				CLANG_WARN__DUPLICATE_METHOD_MATCH = YES;
				COPY_PHASE_STRIP = NO;
				DEBUG_INFORMATION_FORMAT = dwarf;
				ENABLE_STRICT_OBJC_MSGSEND = YES;
				ENABLE_TESTABILITY = YES;
				ENABLE_USER_SCRIPT_SANDBOXING = YES;
				GCC_C_LANGUAGE_STANDARD = gnu17;
				GCC_DYNAMIC_NO_PIC = NO;
				GCC_NO_COMMON_BLOCKS = YES;
				GCC_OPTIMIZATION_LEVEL = 0;
				GCC_PREPROCESSOR_DEFINITIONS = (
					"DEBUG=1",
					"$(inherited)",
				);
				GCC_WARN_64_TO_32_BIT_CONVERSION = YES;
				GCC_WARN_ABOUT_RETURN_TYPE = YES_ERROR;
				GCC_WARN_UNDECLARED_SELECTOR = YES;
				GCC_WARN_UNINITIALIZED_AUTOS = YES_AGGRESSIVE;
				GCC_WARN_UNUSED_FUNCTION = YES;
				GCC_WARN_UNUSED_VARIABLE = YES;
				LOCALIZATION_PREFERS_STRING_CATALOGS = YES;
				MTL_ENABLE_DEBUG_INFO = INCLUDE_SOURCE;
				MTL_FAST_MATH = YES;
				ONLY_ACTIVE_ARCH = YES;
				SDKROOT = xros;
				SWIFT_ACTIVE_COMPILATION_CONDITIONS = "DEBUG $(inherited)";
				SWIFT_OPTIMIZATION_LEVEL = "-Onone";
				XROS_DEPLOYMENT_TARGET = 1.0;
			};
			name = Debug;
		};
		FFD220542A8C72E10036AFCC /* Release */ = {
			isa = XCBuildConfiguration;
			buildSettings = {
				ALWAYS_SEARCH_USER_PATHS = NO;
				ASSETCATALOG_COMPILER_GENERATE_SWIFT_ASSET_SYMBOL_EXTENSIONS = YES;
				CLANG_ANALYZER_NONNULL = YES;
				CLANG_ANALYZER_NUMBER_OBJECT_CONVERSION = YES_AGGRESSIVE;
				CLANG_CXX_LANGUAGE_STANDARD = "gnu++20";
				CLANG_ENABLE_MODULES = YES;
				CLANG_ENABLE_OBJC_ARC = YES;
				CLANG_ENABLE_OBJC_WEAK = YES;
				CLANG_WARN_BLOCK_CAPTURE_AUTORELEASING = YES;
				CLANG_WARN_BOOL_CONVERSION = YES;
				CLANG_WARN_COMMA = YES;
				CLANG_WARN_CONSTANT_CONVERSION = YES;
				CLANG_WARN_DEPRECATED_OBJC_IMPLEMENTATIONS = YES;
				CLANG_WARN_DIRECT_OBJC_ISA_USAGE = YES_ERROR;
				CLANG_WARN_DOCUMENTATION_COMMENTS = YES;
				CLANG_WARN_EMPTY_BODY = YES;
				CLANG_WARN_ENUM_CONVERSION = YES;
				CLANG_WARN_INFINITE_RECURSION = YES;
				CLANG_WARN_INT_CONVERSION = YES;
				CLANG_WARN_NON_LITERAL_NULL_CONVERSION = YES;
				CLANG_WARN_OBJC_IMPLICIT_RETAIN_SELF = YES;
				CLANG_WARN_OBJC_LITERAL_CONVERSION = YES;
				CLANG_WARN_OBJC_ROOT_CLASS = YES_ERROR;
				CLANG_WARN_QUOTED_INCLUDE_IN_FRAMEWORK_HEADER = YES;
				CLANG_WARN_RANGE_LOOP_ANALYSIS = YES;
				CLANG_WARN_STRICT_PROTOTYPES = YES;
				CLANG_WARN_SUSPICIOUS_MOVE = YES;
				CLANG_WARN_UNGUARDED_AVAILABILITY = YES_AGGRESSIVE;
				CLANG_WARN_UNREACHABLE_CODE = YES;
				CLANG_WARN__DUPLICATE_METHOD_MATCH = YES;
				COPY_PHASE_STRIP = NO;
				DEBUG_INFORMATION_FORMAT = "dwarf-with-dsym";
				ENABLE_NS_ASSERTIONS = NO;
				ENABLE_STRICT_OBJC_MSGSEND = YES;
				ENABLE_USER_SCRIPT_SANDBOXING = YES;
				GCC_C_LANGUAGE_STANDARD = gnu17;
				GCC_NO_COMMON_BLOCKS = YES;
				GCC_WARN_64_TO_32_BIT_CONVERSION = YES;
				GCC_WARN_ABOUT_RETURN_TYPE = YES_ERROR;
				GCC_WARN_UNDECLARED_SELECTOR = YES;
				GCC_WARN_UNINITIALIZED_AUTOS = YES_AGGRESSIVE;
				GCC_WARN_UNUSED_FUNCTION = YES;
				GCC_WARN_UNUSED_VARIABLE = YES;
				LOCALIZATION_PREFERS_STRING_CATALOGS = YES;
				MTL_ENABLE_DEBUG_INFO = NO;
				MTL_FAST_MATH = YES;
				SDKROOT = xros;
				SWIFT_COMPILATION_MODE = wholemodule;
				VALIDATE_PRODUCT = YES;
				XROS_DEPLOYMENT_TARGET = 1.0;
			};
			name = Release;
		};
		FFD220562A8C72E10036AFCC /* Debug */ = {
			isa = XCBuildConfiguration;
			buildSettings = {
				ASSETCATALOG_COMPILER_APPICON_NAME = AppIcon;
				ASSETCATALOG_COMPILER_GLOBAL_ACCENT_COLOR_NAME = AccentColor;
				CODE_SIGN_ENTITLEMENTS = VisionGesture/VisionGesture.entitlements;
				"CODE_SIGN_IDENTITY[sdk=xros*]" = "iPhone Developer";
				CODE_SIGN_STYLE = Manual;
				CURRENT_PROJECT_VERSION = 1;
				DEVELOPMENT_ASSET_PATHS = "\"VisionGesture/Preview Content\"";
				DEVELOPMENT_TEAM = "";
				"DEVELOPMENT_TEAM[sdk=xros*]" = P8RDT88SUS;
				ENABLE_PREVIEWS = YES;
				GENERATE_INFOPLIST_FILE = YES;
				INFOPLIST_FILE = VisionGesture/Info.plist;
				INFOPLIST_KEY_NSLocalNetworkUsageDescription = "for HandTrackFake";
				LD_RUNPATH_SEARCH_PATHS = (
					"$(inherited)",
					"@executable_path/Frameworks",
				);
				MARKETING_VERSION = 1.0;
				PRODUCT_BUNDLE_IDENTIFIER = com.newtonjapan.visionGesture;
				PRODUCT_NAME = "$(TARGET_NAME)";
				PROVISIONING_PROFILE_SPECIFIER = "";
				"PROVISIONING_PROFILE_SPECIFIER[sdk=xros*]" = visionGesture_develop;
				SUPPORTED_PLATFORMS = "xros xrsimulator";
				SWIFT_EMIT_LOC_STRINGS = YES;
				SWIFT_VERSION = 5.0;
				TARGETED_DEVICE_FAMILY = "1,2,7";
			};
			name = Debug;
		};
		FFD220572A8C72E10036AFCC /* Release */ = {
			isa = XCBuildConfiguration;
			buildSettings = {
				ASSETCATALOG_COMPILER_APPICON_NAME = AppIcon;
				ASSETCATALOG_COMPILER_GLOBAL_ACCENT_COLOR_NAME = AccentColor;
				CODE_SIGN_ENTITLEMENTS = VisionGesture/VisionGesture.entitlements;
				"CODE_SIGN_IDENTITY[sdk=xros*]" = "iPhone Developer";
				CODE_SIGN_STYLE = Manual;
				CURRENT_PROJECT_VERSION = 1;
				DEVELOPMENT_ASSET_PATHS = "\"VisionGesture/Preview Content\"";
				DEVELOPMENT_TEAM = "";
				"DEVELOPMENT_TEAM[sdk=xros*]" = P8RDT88SUS;
				ENABLE_PREVIEWS = YES;
				GENERATE_INFOPLIST_FILE = YES;
				INFOPLIST_FILE = VisionGesture/Info.plist;
				INFOPLIST_KEY_NSLocalNetworkUsageDescription = "for HandTrackFake";
				LD_RUNPATH_SEARCH_PATHS = (
					"$(inherited)",
					"@executable_path/Frameworks",
				);
				MARKETING_VERSION = 1.0;
				PRODUCT_BUNDLE_IDENTIFIER = com.newtonjapan.visionGesture;
				PRODUCT_NAME = "$(TARGET_NAME)";
				PROVISIONING_PROFILE_SPECIFIER = "";
				"PROVISIONING_PROFILE_SPECIFIER[sdk=xros*]" = visionGesture_develop;
				SUPPORTED_PLATFORMS = "xros xrsimulator";
				SWIFT_EMIT_LOC_STRINGS = YES;
				SWIFT_VERSION = 5.0;
				TARGETED_DEVICE_FAMILY = "1,2,7";
			};
			name = Release;
		};
/* End XCBuildConfiguration section */

/* Begin XCConfigurationList section */
		FFD2203A2A8C72DF0036AFCC /* Build configuration list for PBXProject "VisionGesture" */ = {
			isa = XCConfigurationList;
			buildConfigurations = (
				FFD220532A8C72E10036AFCC /* Debug */,
				FFD220542A8C72E10036AFCC /* Release */,
			);
			defaultConfigurationIsVisible = 0;
			defaultConfigurationName = Release;
		};
		FFD220552A8C72E10036AFCC /* Build configuration list for PBXNativeTarget "VisionGesture" */ = {
			isa = XCConfigurationList;
			buildConfigurations = (
				FFD220562A8C72E10036AFCC /* Debug */,
				FFD220572A8C72E10036AFCC /* Release */,
			);
			defaultConfigurationIsVisible = 0;
			defaultConfigurationName = Release;
		};
/* End XCConfigurationList section */

/* Begin XCSwiftPackageProductDependency section */
		FFD220442A8C72DF0036AFCC /* RealityKitContent */ = {
			isa = XCSwiftPackageProductDependency;
			productName = RealityKitContent;
		};
/* End XCSwiftPackageProductDependency section */
	};
	rootObject = FFD220372A8C72DF0036AFCC /* Project object */;
}
